%{
  "arm_ai": {:git, "https://github.com/mlainez/arm_ai.git", "ac71751e17f6faaa98d17759802e7ffc8d961846", []},
  "beam_notify": {:hex, :beam_notify, "1.1.1", "da7dd04f16120bcab71f01ff81607ea38ad78af859cd87fad2012eac8feab034", [:make, :mix], [{:elixir_make, "~> 0.6", [hex: :elixir_make, repo: "hexpm", optional: false]}], "hexpm", "5a09fc8449171da423f781de16b95cdec52763e60308345de6f15358c2382a42"},
  "bimap": {:hex, :bimap, "1.3.0", "3ea4832e58dc83a9b5b407c6731e7bae87458aa618e6d11d8e12114a17afa4b3", [:mix], [], "hexpm", "bf5a2b078528465aa705f405a5c638becd63e41d280ada41e0f77e6d255a10b4"},
  "blue_heron": {:git, "https://github.com/mlainez/blue_heron.git", "d8c820a9a6048d8bc77400eaa11ca4946f1b9090", []},
  "bunch": {:hex, :bunch, "1.6.4", "b23ecefdcbc1d8b9723044055daa2ad8573a0ebe6ef35c0ac4f3bad243273ba3", [:mix], [], "hexpm", "cacbe7437dd5299c9e665011d32127e0ce92b26ab4b9f64ebd2389f57cc7c141"},
  "bunch_native": {:hex, :bunch_native, "0.5.2", "706723acd1644fb6f8e7c8f3864172a7eee7664250e790696253825e3b65e18a", [:mix], [{:bundlex, "~> 1.0", [hex: :bundlex, repo: "hexpm", optional: false]}], "hexpm", "23f9e036c34510d8ace14fc47553fd7672e2330e769ab84fe4b54fac80095a4b"},
  "bundlex": {:hex, :bundlex, "1.5.8", "059377483cdefc44aae99b98b46e8356dc2f5a70420565ea1397976caac7eba0", [:mix], [{:bunch, "~> 1.0", [hex: :bunch, repo: "hexpm", optional: false]}, {:elixir_uuid, "~> 1.2", [hex: :elixir_uuid, repo: "hexpm", optional: false]}, {:jason, "~> 1.4", [hex: :jason, repo: "hexpm", optional: false]}, {:qex, "~> 0.5", [hex: :qex, repo: "hexpm", optional: false]}, {:req, ">= 0.4.0", [hex: :req, repo: "hexpm", optional: false]}, {:zarex, "~> 1.0", [hex: :zarex, repo: "hexpm", optional: false]}], "hexpm", "210b9e8adc3cfd7a89dc1ac8ffb708ce3c8729324a1c4e3d7e22a5d9b0cc7391"},
  "castore": {:hex, :castore, "1.0.21", "0a0e8330dc267a40a3b7ad86d39302764bb71758172904e6a59d5ad6443ce307", [:mix], [], "hexpm", "e42e22723e25dbd46876d056a03f685513d6e98f6b5e555dc551321decd76c5c"},
  "cc_precompiler": {:hex, :cc_precompiler, "0.1.11", "8c844d0b9fb98a3edea067f94f616b3f6b29b959b6b3bf25fee94ffe34364768", [:mix], [{:elixir_make, "~> 0.7", [hex: :elixir_make, repo: "hexpm", optional: false]}], "hexpm", "3427232caf0835f94680e5bcf082408a70b48ad68a5f5c0b02a3bea9f3a075b9"},
  "circuits_gpio": {:hex, :circuits_gpio, "2.3.0", "4cd57af097b81fe95d59a1653bde836c987325b41201c8e5bce262e15274c439", [:make, :mix], [{:elixir_make, "~> 0.6", [hex: :elixir_make, repo: "hexpm", optional: false]}], "hexpm", "5729eb2e572e0962c72ca1d5c9c8854ab344d662e9ac1cef30c0297d10733292"},
  "circuits_uart": {:hex, :circuits_uart, "1.6.0", "259e8126b4004648e1bba6da5827b9e473b7e09e1eb4357f0026a1d9f274fce2", [:mix], [{:elixir_make, "~> 0.6", [hex: :elixir_make, repo: "hexpm", optional: false]}], "hexpm", "9f0bdf612706b16beb2026a9e316cc313b919c35b663c1177d374b1f7330b790"},
  "circular_buffer": {:hex, :circular_buffer, "1.1.0", "af9332c40d600cc27b160eebd9fad1bf0a8106cd62e9f57d6cc8f028d3cc46d1", [:mix], [], "hexpm", "0daa0a4fcb3a7ffabc8576bdbf64c99adc6d4b37eab1185179140769ba58f571"},
  "coerce": {:hex, :coerce, "1.0.2", "5ef791040c92baaa5dd344887563faaeac6e6742573a167493294f8af3672bbe", [:mix], [], "hexpm", "0b3451c729571234fdac478636c298e71d1f2ce1243abed5fa43fa3181b980eb"},
  "complex": {:hex, :complex, "0.7.0", "695632ef9487517aa5d57edd1697801079d622414cb2e1a7cf538b1f9a50f205", [:mix], [], "hexpm", "0ee39c0803129f546e7f3f640da8f021c9e659402bf59da6f7f2c4848f068f8d"},
  "cpu_governor": {:git, "https://github.com/mlainez/cpu_governor.git", "ec2f19090b04a3febd1855396a833ffe4a001332", []},
  "db_connection": {:hex, :db_connection, "2.10.2", "ae391e803a5adff104da913c2fc1c0c14a37f8b10001dcef568796e1fb7bf95c", [:mix], [{:telemetry, "~> 0.4 or ~> 1.0", [hex: :telemetry, repo: "hexpm", optional: false]}], "hexpm", "510b14482330f1af6490a2fa0efd8d4f1435d1529b165647df22ac0f2df0fa93"},
  "elixir_make": {:hex, :elixir_make, "0.10.0", "16577e2583a79bb79237bbff349619ef5d80afffc07eac6e4faf0d00e2ddaf7d", [:mix], [], "hexpm", "dc1f09fb7fa68866b886abd5f0f3c83553b1a19a52359a899e92af1bb3b31982"},
  "elixir_uuid": {:hex, :elixir_uuid, "1.2.1", "dce506597acb7e6b0daeaff52ff6a9043f5919a4c3315abb4143f0b00378c097", [:mix], [], "hexpm", "f7eba2ea6c3555cea09706492716b0d87397b88946e6380898c2889d68585752"},
  "emerge": {:hex, :emerge, "0.4.2", "ec8a6dc188af0104987a057f79ae27b423787c605d2ae2c3b78444d0b6905dd2", [:mix], [{:jason, "~> 1.4", [hex: :jason, repo: "hexpm", optional: false]}, {:rustler, "~> 0.38.0", [hex: :rustler, repo: "hexpm", optional: true]}, {:rustler_precompiled, "~> 0.8.4", [hex: :rustler_precompiled, repo: "hexpm", optional: false]}, {:video_interop, "~> 0.1.2", [hex: :video_interop, repo: "hexpm", optional: false]}], "hexpm", "b3c3aa07f91c419f2fb38d966187abe3c67dfe3aa7dc63c0ac3f0e437646d315"},
  "eqrcode": {:hex, :eqrcode, "0.2.1", "d12838813e8fc87b8940cc05f9baadb189031f6009facdc56ff074375ec73b6e", [:mix], [], "hexpm", "d5828a222b904c68360e7dc2a40c3ef33a1328b7c074583898040f389f928025"},
  "ex_audio": {:git, "https://github.com/mlainez/ex_audio.git", "b22f631b2edbf0cdff7640a674f61945024c481b", []},
  "ex_location": {:git, "https://github.com/mlainez/ex_location.git", "e085bd85a1521411b0751482c2464a1d989da53c", []},
  "ex_nfc": {:git, "https://github.com/mlainez/ex_nfc.git", "14cca5e52e6e23c6d8174dd7558bd32ab72cf980", []},
  "ex_qbootctl": {:git, "https://github.com/mlainez/ex_qbootctl.git", "90de925525c3a81ec16ec151a32282e5dc9b332f", []},
  "ex_qcom_smgr": {:git, "https://github.com/mlainez/ex_qcom_smgr.git", "6f38bddf0719c7271a8fe3c1331f857f6b381e58", []},
  "ex_remoteproc": {:git, "https://github.com/mlainez/ex_remoteproc.git", "d54d0089ce1ad2772302127760687aeb74d2a53a", []},
  "ex_rmtfs": {:git, "https://github.com/mlainez/ex_rmtfs.git", "c289cf544c6c6509694e72e1979aa996ac7e1e3e", []},
  "exqlite": {:hex, :exqlite, "0.41.0", "f7b6d9730d19efd8a2c9d4624172e82d4f98f2094743429c111972994967b4e2", [:make, :mix], [{:cc_precompiler, "~> 0.1", [hex: :cc_precompiler, repo: "hexpm", optional: false]}, {:db_connection, "~> 2.1", [hex: :db_connection, repo: "hexpm", optional: false]}, {:elixir_make, "~> 0.8", [hex: :elixir_make, repo: "hexpm", optional: false]}, {:table, "~> 0.1.0", [hex: :table, repo: "hexpm", optional: true]}], "hexpm", "a7e9b6bed529ab72aa07ed2a925ac109c27e6877a7a8af252361c396a4192855"},
  "finch": {:hex, :finch, "0.24.0", "4022b6194e907b6d9b597c168001cac38e488a35fe36cef9d8297e3159782510", [:mix], [{:mime, "~> 1.0 or ~> 2.0", [hex: :mime, repo: "hexpm", optional: false]}, {:mint, "~> 1.8", [hex: :mint, repo: "hexpm", optional: false]}, {:nimble_options, "~> 0.4 or ~> 1.0", [hex: :nimble_options, repo: "hexpm", optional: false]}, {:nimble_pool, "~> 1.1", [hex: :nimble_pool, repo: "hexpm", optional: false]}, {:telemetry, "~> 0.4 or ~> 1.0", [hex: :telemetry, repo: "hexpm", optional: false]}], "hexpm", "33ba40069c3587c2f99f9125b766e19dad87d6d54be3c6961db2304df04cef00"},
  "fine": {:hex, :fine, "0.1.6", "4bf7151493443c454aac9f2fa2f34f5fefd0346a83fb5586a016c4a135c63247", [:mix], [], "hexpm", "5638eb4495488e885ebec167fa57973e5c35e1a50c344eb7666c90ec1c4e3b12"},
  "fp3_camera": {:git, "https://github.com/mlainez/fp3_camera.git", "d5a3e4fb5a50ec3a749438b801c275960ecb20be", []},
  "fp3_modem": {:git, "https://github.com/mlainez/fp3_modem.git", "0f506128e39c25190d1f670e1bf532392b1c5c6b", []},
  "heap": {:hex, :heap, "2.0.2", "d98cb178286cfeb5edbcf17785e2d20af73ca57b5a2cf4af584118afbcf917eb", [:mix], [], "hexpm", "ba9ea2fe99eb4bcbd9a8a28eaf71cbcac449ca1d8e71731596aace9028c9d429"},
  "hpax": {:hex, :hpax, "1.1.0", "782931867cc23217c68fb5f68fe1a11f5e7544c7fda82c8a7019a5df5a4a1cdf", [:mix], [], "hexpm", "0b8d0f05832f55571d65ac720f79bf8994138ffbb133209dc4685eae0ad456a8"},
  "infer_audio": {:git, "https://github.com/mlainez/infer_audio.git", "832ce8646fa88fcdc3e067fb475e5a11bc8ff2c5", []},
  "infer_llm": {:git, "https://github.com/mlainez/infer_llm.git", "d0a6fee04ae1863a2a4963150c0976daf722010d", []},
  "infer_vision": {:git, "https://github.com/mlainez/infer_vision.git", "f79367dacbb0f4b0a612d2570b07c980dfd20c3b", []},
  "input_event": {:hex, :input_event, "1.4.2", "8ad280387595110cf4ac4d92cfcfd2f5d61f7285084f35adc5feec077df23058", [:make, :mix], [{:elixir_make, "~> 0.6", [hex: :elixir_make, repo: "hexpm", optional: false]}], "hexpm", "eb12e3a5d83f2c570d965ad0a5de7bea7c9f387b425ae882c00f3a2a00971e3f"},
  "interactive_cmd": {:hex, :interactive_cmd, "0.1.4", "398b517b88fc0e4a7dc4ece883bf952995b859a406331626f3c94a1f680657e4", [:mix], [], "hexpm", "d2089b3827f6b21e48ac85a59441211dacda5c0702ab6f590f2117990968a571"},
  "jason": {:hex, :jason, "1.4.5", "2e3a008590b0b8d7388c20293e9dcc9cf3e5d642fd2a114e4cbbb52e595d940a", [:mix], [{:decimal, "~> 1.0 or ~> 2.0 or ~> 3.0", [hex: :decimal, repo: "hexpm", optional: true]}], "hexpm", "b0c823996102bcd0239b3c2444eb00409b72f6a140c1950bc8b457d836b30684"},
  "logger_backends": {:hex, :logger_backends, "1.0.1", "08a9bd09eed271eac41ff35dd7603b6abf9e0f8b6ffe40359846cb0bfd37704f", [:mix], [], "hexpm", "d7903244fe8d84eeb3d3d42f8d7de080fd0409b613040df54c78b3591672d652"},
  "mdns_lite": {:hex, :mdns_lite, "0.9.2", "c897ec41661f22e08a649f2d31565eb7a7e06b770f4f50074e97629bf6d524d6", [:mix], [{:igniter, "~> 0.5", [hex: :igniter, repo: "hexpm", optional: true]}, {:vintage_net, "~> 0.7", [hex: :vintage_net, repo: "hexpm", optional: true]}], "hexpm", "0798b8b9bd11a18aa4128d9beb0e093414ed89f735d592b87f362ae2a8ff6081"},
  "membrane_aac_fdk_plugin": {:hex, :membrane_aac_fdk_plugin, "0.19.0", "110249ff855b53353ab3f81c30792bcaaf86cd5180a25d50038c1cd620f95ff8", [:mix], [{:bunch, "~> 1.4", [hex: :bunch, repo: "hexpm", optional: false]}, {:bundlex, "~> 1.3", [hex: :bundlex, repo: "hexpm", optional: false]}, {:membrane_aac_format, "~> 0.8.0", [hex: :membrane_aac_format, repo: "hexpm", optional: false]}, {:membrane_common_c, "~> 0.16.0", [hex: :membrane_common_c, repo: "hexpm", optional: false]}, {:membrane_core, "~> 1.0", [hex: :membrane_core, repo: "hexpm", optional: false]}, {:membrane_precompiled_dependency_provider, "~> 0.2.0", [hex: :membrane_precompiled_dependency_provider, repo: "hexpm", optional: false]}, {:membrane_raw_audio_format, "~> 0.12.0", [hex: :membrane_raw_audio_format, repo: "hexpm", optional: false]}, {:unifex, "~> 1.1", [hex: :unifex, repo: "hexpm", optional: false]}], "hexpm", "025771a48b53bec4f202767065fd5ab7fb7a23e7dee9ce93b3b8a179fc566903"},
  "membrane_aac_format": {:hex, :membrane_aac_format, "0.8.1", "1084337ac856fb59ef484f8e52a286d036142c1d025728bb47a6dfc868b91ddc", [:mix], [{:bimap, "~> 1.1", [hex: :bimap, repo: "hexpm", optional: false]}], "hexpm", "7e8fbaae4895947394bfafaa4ec823d7eea035a3ccfbfe57a534b2872bf92862"},
  "membrane_aac_plugin": {:hex, :membrane_aac_plugin, "0.19.4", "e1a51309e56736b052380235d829b6d0433a2cd11711b71c1b6208c063326516", [:mix], [{:bunch, "~> 1.0", [hex: :bunch, repo: "hexpm", optional: false]}, {:membrane_aac_format, "~> 0.8.0", [hex: :membrane_aac_format, repo: "hexpm", optional: false]}, {:membrane_core, "~> 1.0", [hex: :membrane_core, repo: "hexpm", optional: false]}], "hexpm", "8b1785acfae43d9de68e58f5e4cea69b99ff1bcda6809dd78248dcd85e82e96a"},
  "membrane_cmaf_format": {:hex, :membrane_cmaf_format, "0.7.2", "fe1aeb7705d4422329eb19039d30ddb7973fe62c06ea03ea6669dbd94bf7f380", [:mix], [], "hexpm", "91f2c07bfbadee69b46de6a568a91ac80c1a4eada82aa82957f003bad07bdfab"},
  "membrane_common_c": {:hex, :membrane_common_c, "0.16.2", "76272743921844cfcad9e97aec6ae00e349c679919e87ff8ea2131939b4838e4", [:mix], [{:membrane_core, "~> 1.0", [hex: :membrane_core, repo: "hexpm", optional: false]}, {:shmex, "~> 0.5.0", [hex: :shmex, repo: "hexpm", optional: false]}, {:unifex, "~> 1.0", [hex: :unifex, repo: "hexpm", optional: false]}], "hexpm", "8416f95bdaeb147072be48418bbccab60e7f58bdbe24927be3a6903d96fea8be"},
  "membrane_core": {:hex, :membrane_core, "1.3.4", "c79944e8a98a965dcb83c1a452d47adb73436f07a9d3cdb21963a8f74cc2c435", [:mix], [{:bunch, "~> 1.6", [hex: :bunch, repo: "hexpm", optional: false]}, {:qex, "~> 0.3", [hex: :qex, repo: "hexpm", optional: false]}, {:ratio, "~> 3.0 or ~> 4.0", [hex: :ratio, repo: "hexpm", optional: false]}, {:telemetry, "~> 1.0", [hex: :telemetry, repo: "hexpm", optional: false]}], "hexpm", "610e98a5e98834c99171ce78715953919c3014430d0ec8610a166fa58c25f872"},
  "membrane_file_plugin": {:hex, :membrane_file_plugin, "0.17.5", "2e65607d68e7c25ce0a1b0dfadbca7b3d5b57859be5c700ed9e865edf7304580", [:mix], [{:logger_backends, "~> 1.0", [hex: :logger_backends, repo: "hexpm", optional: false]}, {:membrane_core, "~> 1.0", [hex: :membrane_core, repo: "hexpm", optional: false]}], "hexpm", "974c88cb0e7727a8a0a49bb019d7824d4d9092cce2ac666771fe4266d2ea4276"},
  "membrane_h264_format": {:hex, :membrane_h264_format, "0.6.1", "44836cd9de0abe989b146df1e114507787efc0cf0da2368f17a10c47b4e0738c", [:mix], [], "hexpm", "4b79be56465a876d2eac2c3af99e115374bbdc03eb1dea4f696ee9a8033cd4b0"},
  "membrane_h265_format": {:hex, :membrane_h265_format, "0.2.0", "1903c072cf7b0980c4d0c117ab61a2cd33e88782b696290de29570a7fab34819", [:mix], [], "hexpm", "6df418bdf242c0d9f7dbf2e5aea4c2d182e34ac9ad5a8b8cef2610c290002e83"},
  "membrane_h26x_plugin": {:hex, :membrane_h26x_plugin, "0.11.2", "0ec290269715835cf548f16b2db01e158cccb8c4aa271a3d170f99e387e2fec2", [:mix], [{:bunch, "~> 1.4", [hex: :bunch, repo: "hexpm", optional: false]}, {:membrane_core, "~> 1.0", [hex: :membrane_core, repo: "hexpm", optional: false]}, {:membrane_h264_format, "~> 0.6.0", [hex: :membrane_h264_format, repo: "hexpm", optional: false]}, {:membrane_h265_format, "~> 0.2.0", [hex: :membrane_h265_format, repo: "hexpm", optional: false]}], "hexpm", "878a1bde74d7475e8cfc27868521f2358842b28771136da090df4e4bec1f4a65"},
  "membrane_mp4_format": {:hex, :membrane_mp4_format, "0.8.1", "ba0032af6527ca9b4bd9b9282436ca43dda206002fc0b27ad3f2cc87f419ee92", [:mix], [], "hexpm", "0e4ec53a50b26a18d6e969f4776606d321ea39bddf5a4571e94f9ccf44e7a53a"},
  "membrane_mp4_plugin": {:hex, :membrane_mp4_plugin, "0.36.10", "7fc00336763e3739c6cf60aaa5f96722a11b9b734dcae2c163d154f0242709d0", [:mix], [{:bunch, "~> 1.5", [hex: :bunch, repo: "hexpm", optional: false]}, {:membrane_aac_format, "~> 0.8.0", [hex: :membrane_aac_format, repo: "hexpm", optional: false]}, {:membrane_cmaf_format, "~> 0.7.0", [hex: :membrane_cmaf_format, repo: "hexpm", optional: false]}, {:membrane_core, "~> 1.0", [hex: :membrane_core, repo: "hexpm", optional: false]}, {:membrane_file_plugin, "~> 0.17.0", [hex: :membrane_file_plugin, repo: "hexpm", optional: false]}, {:membrane_h264_format, "~> 0.6.1", [hex: :membrane_h264_format, repo: "hexpm", optional: false]}, {:membrane_h265_format, "~> 0.2.0", [hex: :membrane_h265_format, repo: "hexpm", optional: false]}, {:membrane_mp4_format, "~> 0.8.0", [hex: :membrane_mp4_format, repo: "hexpm", optional: false]}, {:membrane_opus_format, "~> 0.3.0", [hex: :membrane_opus_format, repo: "hexpm", optional: false]}, {:membrane_timestamp_queue, "~> 0.2.1", [hex: :membrane_timestamp_queue, repo: "hexpm", optional: false]}], "hexpm", "4154445dd8d338778ad084c6d73ad82eee2da090d760590479f7ee73d2ac017b"},
  "membrane_opus_format": {:hex, :membrane_opus_format, "0.3.2", "7751374d26f5d94fe0aaf33cfc121618d1e156eb6c9eaef6c8bd23825179b123", [:mix], [], "hexpm", "5e12deaeca6502b82a6d0b56ae54fa128d27e11b5b573d08d39a55724c62a9bf"},
  "membrane_portaudio_plugin": {:hex, :membrane_portaudio_plugin, "0.19.6", "9ceec1405a2ef8b578a5443f7eb7708e864e167810e008e1c9ee8da25150360e", [:mix], [{:bunch, "~> 1.5", [hex: :bunch, repo: "hexpm", optional: false]}, {:membrane_common_c, "~> 0.16.0", [hex: :membrane_common_c, repo: "hexpm", optional: false]}, {:membrane_core, "~> 1.0", [hex: :membrane_core, repo: "hexpm", optional: false]}, {:membrane_precompiled_dependency_provider, "~> 0.2.1", [hex: :membrane_precompiled_dependency_provider, repo: "hexpm", optional: false]}, {:membrane_raw_audio_format, "~> 0.12.0", [hex: :membrane_raw_audio_format, repo: "hexpm", optional: false]}, {:mockery, "~> 2.1", [hex: :mockery, repo: "hexpm", optional: false]}, {:unifex, "~> 1.2", [hex: :unifex, repo: "hexpm", optional: false]}], "hexpm", "48ba05a9a445305972a6aa778caf15547cef0b2bf0ae89d74d9e6fa669c2240f"},
  "membrane_precompiled_dependency_provider": {:hex, :membrane_precompiled_dependency_provider, "0.2.4", "4aa7d91255d0f325d2350a8c655667d38a3995ba073eef4907d467c399f001e3", [:mix], [{:bundlex, "~> 1.4", [hex: :bundlex, repo: "hexpm", optional: false]}, {:req, "~> 0.5", [hex: :req, repo: "hexpm", optional: false]}], "hexpm", "81c12cbe2c8bc5f547c6a8a11a71e2f55995a312c202bbc9b3ddc60c39818b91"},
  "membrane_raw_audio_format": {:hex, :membrane_raw_audio_format, "0.12.3", "fbbc35e78a39eafdd59d04d931f3490f3104019dc3f3ea20baebbb758b858b44", [:mix], [{:bimap, "~> 1.1", [hex: :bimap, repo: "hexpm", optional: false]}, {:bunch, "~> 1.0", [hex: :bunch, repo: "hexpm", optional: false]}, {:membrane_core, "~> 1.0", [hex: :membrane_core, repo: "hexpm", optional: false]}], "hexpm", "8e50520ce2ab0405a3a0b2d78a001223bb2d76014aaa4c59398cc21d4187fe26"},
  "membrane_raw_video_format": {:hex, :membrane_raw_video_format, "0.4.5", "b06f509e9f40e05c81e4246461f704e169a592f2379f52fbd7f953e13e139d24", [:mix], [{:image, ">= 0.54.0", [hex: :image, repo: "hexpm", optional: true]}, {:plug, "~> 1.15", [hex: :plug, repo: "hexpm", optional: true]}], "hexpm", "c4f62b148ecc1643ac2e77e1fda8ee5bd9b595b4047941b02c514a5f310971f2"},
  "membrane_timestamp_queue": {:hex, :membrane_timestamp_queue, "0.2.3", "aa0fd07550bed4d4dc0d0a70ee5525532a9e5f55d2532cfe4be972c605eec203", [:mix], [{:heap, "~> 2.0", [hex: :heap, repo: "hexpm", optional: false]}, {:membrane_core, "~> 1.0", [hex: :membrane_core, repo: "hexpm", optional: false]}], "hexpm", "0600814cbad3b4df80633418abc9b79f171ec7c152282d9735e27772caf54f11"},
  "membrane_video_interop": {:hex, :membrane_video_interop, "0.1.1", "66b38440d798a6deb550b9404b7b1b76a9b84a0ba098eec4ee3b24a903e800d5", [:mix], [{:membrane_core, "~> 1.2", [hex: :membrane_core, repo: "hexpm", optional: false]}, {:membrane_raw_video_format, "~> 0.4", [hex: :membrane_raw_video_format, repo: "hexpm", optional: false]}, {:video_interop, "~> 0.1.2", [hex: :video_interop, repo: "hexpm", optional: false]}], "hexpm", "a942d34d24f6cd265faf6f15036b48af48262beaaa381810fbd5c807d25e258e"},
  "mime": {:hex, :mime, "2.0.7", "b8d739037be7cd402aee1ba0306edfdef982687ee7e9859bee6198c1e7e2f128", [:mix], [], "hexpm", "6171188e399ee16023ffc5b76ce445eb6d9672e2e241d2df6050f3c771e80ccd"},
  "mint": {:hex, :mint, "1.11.0", "a713551624815c0435237b93d90ea8b9b14254690c66f732d0ef8930f76ff1d9", [:mix], [{:castore, "~> 0.1.0 or ~> 1.0", [hex: :castore, repo: "hexpm", optional: true]}, {:hpax, "~> 1.1", [hex: :hpax, repo: "hexpm", optional: false]}], "hexpm", "c6279ba2d6aa3a383a1d4cfbe7b59f42e6efd400f58d8e2acfeac48a438693ab"},
  "mockery": {:hex, :mockery, "2.5.0", "a87acd74fd733aa3b9cb5663d6f690178b056608f2652f18e4ec423ddd5496ed", [:mix], [], "hexpm", "52492b2eba61055df1c626e894663b624b5e6fdfaaaba1d9a8596236fbf4da69"},
  "muontrap": {:hex, :muontrap, "1.8.0", "3c5dab5bc91d5a16d14cd85b130ae7d35a9c469564a11ba4b2ebbcd7ccf5bc05", [:make, :mix], [{:elixir_make, "~> 0.6", [hex: :elixir_make, repo: "hexpm", optional: false]}], "hexpm", "45ff36451303cbdefe1c66da3681b5aff078ee5737348f554f0017daa66284af"},
  "nerves": {:hex, :nerves, "1.15.0", "5f7a224b9d5e797a742342dae0563dec41506a821ca09f7d0895955329d61a38", [:make, :mix], [{:elixir_make, "~> 0.6", [hex: :elixir_make, repo: "hexpm", optional: false]}, {:interactive_cmd, "~> 0.1.4", [hex: :interactive_cmd, repo: "hexpm", optional: false]}, {:jason, "~> 1.2", [hex: :jason, repo: "hexpm", optional: false]}, {:nerves_discovery, "~> 0.1.2", [hex: :nerves_discovery, repo: "hexpm", optional: false]}, {:tablet, "~> 0.3.1", [hex: :tablet, repo: "hexpm", optional: false]}], "hexpm", "1d874dbb30feffeb658317c28ddbf027eddb0e5e3d25a6e78a43170dab4e1734"},
  "nerves_ai": {:git, "https://github.com/mlainez/nerves_ai.git", "e5041bd1ceb493416aabc95edf227853cf0b7b14", []},
  "nerves_data_resize": {:git, "https://github.com/mlainez/nerves_data_resize.git", "6312687620df7c00ee967e73b056a2c5a4a759fc", []},
  "nerves_discovery": {:hex, :nerves_discovery, "0.1.5", "2f0ff379818970b5d9a64c05d7a3b2b4d064d7f5dc6400825ba7da9b47da1105", [:mix], [], "hexpm", "aa16d2da754fb95a0212d8c77ca9d672184bc38c45cfcca40024832cc6c217f5"},
  "nerves_logging": {:hex, :nerves_logging, "0.2.4", "7d60c345325c7165a1473be30a399847eaba425dce3258ef97a8aefd6d913160", [:make, :mix], [{:elixir_make, "~> 0.6", [hex: :elixir_make, repo: "hexpm", optional: false]}], "hexpm", "942f9757adea17d56f4f64fbf4e1aaffd4b2471dd2f1bc020ba80ba2ef5238bc"},
  "nerves_model_hub": {:git, "https://github.com/mlainez/nerves_model_hub.git", "91403011928509b95fe84dbeb1ce69bce29bcf60", []},
  "nerves_motd": {:hex, :nerves_motd, "0.1.17", "a0c4ebec82425185dd8cea1c12cd5d310b076cdefc82ba5f4bf516b5733ee4de", [:mix], [{:nerves_runtime, "~> 0.13.9", [hex: :nerves_runtime, repo: "hexpm", optional: false]}, {:nerves_time, "~> 0.4", [hex: :nerves_time, repo: "hexpm", optional: true]}, {:nerves_time_zones, "~> 0.1", [hex: :nerves_time_zones, repo: "hexpm", optional: true]}], "hexpm", "901a99bb22355e3f68b2f33182756cec1b0556531a6f93521a7baa2f0591969d"},
  "nerves_pack": {:hex, :nerves_pack, "0.7.2", "9dc6d9bcc0709a01bc19d08d1a039a203f0f146a75809504f4f76ceb827d0cf4", [:mix], [{:mdns_lite, "> 0.0.0", [hex: :mdns_lite, repo: "hexpm", optional: false]}, {:nerves_motd, "> 0.0.0", [hex: :nerves_motd, repo: "hexpm", optional: false]}, {:nerves_runtime, "> 0.0.0", [hex: :nerves_runtime, repo: "hexpm", optional: false]}, {:nerves_ssh, "> 0.0.0", [hex: :nerves_ssh, repo: "hexpm", optional: false]}, {:nerves_time, "> 0.0.0", [hex: :nerves_time, repo: "hexpm", optional: false]}, {:ring_logger, "> 0.0.0", [hex: :ring_logger, repo: "hexpm", optional: false]}, {:vintage_net, "> 0.0.0", [hex: :vintage_net, repo: "hexpm", optional: false]}, {:vintage_net_direct, "> 0.0.0", [hex: :vintage_net_direct, repo: "hexpm", optional: false]}, {:vintage_net_ethernet, "> 0.0.0", [hex: :vintage_net_ethernet, repo: "hexpm", optional: false]}, {:vintage_net_wifi, "> 0.0.0", [hex: :vintage_net_wifi, repo: "hexpm", optional: false]}], "hexpm", "986086f0636152f019499ae9591b6b82286e3ab4313460ba52c27daf178f57b7"},
  "nerves_runtime": {:hex, :nerves_runtime, "0.13.13", "998612c742fac60e8498aebb850e64f93d278e0be0f68a56b7ed30d32a05da6a", [:mix], [{:nerves_logging, "~> 0.2.0", [hex: :nerves_logging, repo: "hexpm", optional: false]}, {:nerves_uevent, "~> 0.1.0", [hex: :nerves_uevent, repo: "hexpm", optional: false]}, {:uboot_env, "~> 0.3.0 or ~> 1.0", [hex: :uboot_env, repo: "hexpm", optional: false]}], "hexpm", "6c3a6feaff23d8a4f73aaaaa8d00c9a4bc63cd1d477d82089ba5a4c6a78245c8"},
  "nerves_ssh": {:hex, :nerves_ssh, "1.3.1", "e04cdd879999257b32d3816c0f128559fc729bd7fa0654457655d724dfddf85e", [:mix], [{:nerves_runtime, "~> 0.11", [hex: :nerves_runtime, repo: "hexpm", optional: false]}, {:ssh_subsystem_fwup, "~> 0.5", [hex: :ssh_subsystem_fwup, repo: "hexpm", optional: false]}], "hexpm", "5c98dd7e24cd75d3140c9de620a043f98bef9011f9fdf85fd921764ad27c655e"},
  "nerves_system_br": {:hex, :nerves_system_br, "1.35.0", "4c159933e171670ec0eeb63a79db381f06d4a386155db3e7a57cafc59bf3f52f", [:mix], [], "hexpm", "8d10e2ff98e46c2ab490befdcf34d57bc9b3a341ac0b25a8b80181b37d6e45df"},
  "nerves_system_fp3": {:git, "https://github.com/mlainez/nerves_system_fp3.git", "9d0555a5b918bdca89e778afc4d7a7b50b79e276", [tag: "v0.2.4"]},
  "nerves_time": {:hex, :nerves_time, "0.4.12", "71b9243b2646c05f18dc060a4e9004c58890195cfebfd7228122dc37e976f4ba", [:make, :mix], [{:elixir_make, "~> 0.6", [hex: :elixir_make, repo: "hexpm", optional: false]}, {:muontrap, "~> 0.5 or ~> 1.0", [hex: :muontrap, repo: "hexpm", optional: false]}], "hexpm", "527696d2cb5505faa50fa98f7babf1d5b9390a1125d4931b10374ce20e3fe1fc"},
  "nerves_toolchain_aarch64_nerves_linux_gnu": {:hex, :nerves_toolchain_aarch64_nerves_linux_gnu, "15.3.1", "484322303fc2390d8a23c9611ab225201e33584e9cc6731928dada77a64ebba1", [:mix], [{:nerves, "~> 1.13 or ~> 2.0-dev", [hex: :nerves, repo: "hexpm", optional: false]}], "hexpm", "041488c45aff9dcbf01d6dc542218d7d87ef3bfcd7190b491156cff3f900dd3f"},
  "nerves_uevent": {:hex, :nerves_uevent, "0.1.7", "e8163591bb0cf087de608a7d0a0523a4c2df9df437dade2e6e890525f9380848", [:make, :mix], [{:elixir_make, "~> 0.6", [hex: :elixir_make, repo: "hexpm", optional: false]}, {:property_table, "~> 0.2.0 or ~> 0.3.0", [hex: :property_table, repo: "hexpm", optional: false]}], "hexpm", "d442b1aec1c61cdaf0fdbb8bcb9be4cada7dab695707ade0e2e7b78ffa4bf3b0"},
  "nimble_options": {:hex, :nimble_options, "1.1.1", "e3a492d54d85fc3fd7c5baf411d9d2852922f66e69476317787a7b2bb000a61b", [:mix], [], "hexpm", "821b2470ca9442c4b6984882fe9bb0389371b8ddec4d45a9504f00a66f650b44"},
  "nimble_pool": {:hex, :nimble_pool, "1.1.0", "bf9c29fbdcba3564a8b800d1eeb5a3c58f36e1e11d7b7fb2e084a643f645f06b", [:mix], [], "hexpm", "af2e4e6b34197db81f7aad230c1118eac993acc0dae6bc83bac0126d4ae0813a"},
  "numbers": {:hex, :numbers, "5.2.5", "47189ba1c0e634f851a76281a2bb7be1914c48498eb1289d16cd50b6c713b436", [:mix], [{:coerce, "~> 1.0.2", [hex: :coerce, repo: "hexpm", optional: false]}, {:decimal, "~> 3.0", [hex: :decimal, repo: "hexpm", optional: true]}], "hexpm", "724563c5b9ed1adccea08b2938215a026aa4344d7506e6b9c75f60d8e2fc9463"},
  "nx": {:hex, :nx, "0.12.1", "6e9fee43a77646d04faad2ba4e449b9e270c6b23e413f203cb4d81e71c0a617f", [:mix], [{:complex, "~> 0.7", [hex: :complex, repo: "hexpm", optional: false]}, {:telemetry, "~> 0.4.0 or ~> 1.0", [hex: :telemetry, repo: "hexpm", optional: false]}], "hexpm", "ee80f6ae898f68bbfe7f30216b06aab10096231ec99ded1208a827256b23d0fb"},
  "nx_arm": {:git, "https://github.com/mlainez/nx_arm.git", "b2e03101f981bfc4d7aa5ce369e3276884da4aee", []},
  "nx_primitives": {:git, "https://github.com/mlainez/nx_primitives.git", "aeebac2b44a58732d9c27727c08363b639d018ec", []},
  "one_dhcpd": {:hex, :one_dhcpd, "3.0.0", "262bd6bfea2001c85340d1384d7d992094f1dca3a761d0a1042d708bdc472c87", [:make, :mix], [{:elixir_make, "~> 0.6", [hex: :elixir_make, repo: "hexpm", optional: false]}], "hexpm", "959d7fde6ee3c1af526ae08b6273ef26fd25598dda6b59adb872889a5be08d1a"},
  "property_table": {:hex, :property_table, "0.3.4", "576b20f586ee7366d53919289c1b6dee4bbe1946f6761bfb20dabf7875cb4d40", [:mix], [], "hexpm", "1a45e5d4915ba017822e9692b447432f786cf63c89a6d71b7582eef666fd54b9"},
  "pythonx": {:hex, :pythonx, "0.4.10", "7c3377f07b15f30e51a364a92b5a456a9bbbc9a555b855e09acf551b3f36abed", [:make, :mix], [{:cc_precompiler, "~> 0.1", [hex: :cc_precompiler, repo: "hexpm", optional: false]}, {:elixir_make, "~> 0.9", [hex: :elixir_make, repo: "hexpm", optional: false]}, {:fine, "~> 0.1.2", [hex: :fine, repo: "hexpm", optional: false]}, {:flame, "~> 0.5", [hex: :flame, repo: "hexpm", optional: true]}], "hexpm", "7b7bb0728e4b69c362a8c0c93953ac44b10a51b21a864f2a0801155a3d8989a4"},
  "qex": {:hex, :qex, "0.5.2", "a0c861a2de2380314c23ef592349824ca9016c5845380667ff1d9a22a8796f9b", [:mix], [], "hexpm", "6fb81bf3ae354a9abb471b9561538ea3e8540125d803b00f45cbccff52f00496"},
  "qmi": {:git, "https://github.com/mlainez/qmi.git", "fb696228f82d88d13c1202caf7b24e4c1cec758d", [branch: "qrtr-transport"]},
  "ratio": {:hex, :ratio, "4.0.1", "3044166f2fc6890aa53d3aef0c336f84b2bebb889dc57d5f95cc540daa1912f8", [:mix], [{:decimal, "~> 1.6 or ~> 2.0", [hex: :decimal, repo: "hexpm", optional: true]}, {:numbers, "~> 5.2.0", [hex: :numbers, repo: "hexpm", optional: false]}], "hexpm", "c60cbb3ccdff9ffa56e7d6d1654b5c70d9f90f4d753ab3a43a6bf40855b881ce"},
  "req": {:hex, :req, "0.7.4", "23e9ffec17de032a46a4b15ed65c09793893bf4a7c680f4bbf6227fce6bdf74d", [:mix], [{:brotli, "~> 0.3.1", [hex: :brotli, repo: "hexpm", optional: true]}, {:finch, "~> 0.21", [hex: :finch, repo: "hexpm", optional: false]}, {:jason, "~> 1.0", [hex: :jason, repo: "hexpm", optional: false]}, {:mime, "~> 2.0.6 or ~> 2.1", [hex: :mime, repo: "hexpm", optional: false]}, {:nimble_csv, "~> 1.0", [hex: :nimble_csv, repo: "hexpm", optional: true]}, {:plug, "~> 1.0", [hex: :plug, repo: "hexpm", optional: true]}], "hexpm", "4b192d63253e8dcc6221ef992ea9ebef7d3555166e8423aa5b553e86bc3c69a2"},
  "ring_logger": {:hex, :ring_logger, "0.11.7", "294ca73bd8459d412f8d7c71f27edec297257c3bc2dd863920b4e62aa4487cce", [:mix], [{:circular_buffer, "~> 0.4.0 or ~> 1.0", [hex: :circular_buffer, repo: "hexpm", optional: false]}, {:logger_backends, "~> 1.0", [hex: :logger_backends, repo: "hexpm", optional: true]}], "hexpm", "59cdc3dc90c2b5fcb0b14ef7a6818c701c11687a2f758f1c214c968f5a11cce6"},
  "rustler": {:hex, :rustler, "0.38.0", "7a8906998ff0d28e3021c0a73264abcda719bda344b2e58307c6805b0f87c9b4", [:mix], [{:jason, "~> 1.0", [hex: :jason, repo: "hexpm", optional: false]}], "hexpm", "704c03c1bf66be12b031c5a389347b91c81c5cb819a24b068b0de36fe4a5652a"},
  "rustler_precompiled": {:hex, :rustler_precompiled, "0.8.4", "700a878312acfac79fb6c572bb8b57f5aae05fe1cf70d34b5974850bbf2c05bf", [:mix], [{:castore, "~> 0.1 or ~> 1.0", [hex: :castore, repo: "hexpm", optional: false]}, {:rustler, "~> 0.23", [hex: :rustler, repo: "hexpm", optional: true]}], "hexpm", "3b33d99b540b15f142ba47944f7a163a25069f6d608783c321029bc1ffb09514"},
  "shmex": {:hex, :shmex, "0.5.2", "5e807c4ec0320fdd3b224d3f8052d501908217a066b67c0433f4cfa369a2b07c", [:mix], [{:bunch_native, "~> 0.5.0", [hex: :bunch_native, repo: "hexpm", optional: false]}, {:bundlex, "~> 1.0", [hex: :bundlex, repo: "hexpm", optional: false]}], "hexpm", "7325f40a7308fecaaab1b19790903034926e5fb202a48fcf51dfd2c4ba97f861"},
  "shoehorn": {:hex, :shoehorn, "0.9.3", "88b79efa6c3cf42395d0635b2b6a41d1774275abb4a4889c0288874446d33d88", [:mix], [], "hexpm", "376ccf28e1d57a7f9d73ea93130e711886e88f4464a2cb9355787fd23897bbba"},
  "solve": {:hex, :solve, "0.3.1", "2ba21f3d69cc4ea395e00347badaa76821fb8de074028daf41deb9c7d5ea5755", [:mix], [], "hexpm", "0c677bea6196d71f553e343bb0b20ba0b54c6bd11e4833a96e15c79a35d3f99e"},
  "ssh_subsystem_fwup": {:hex, :ssh_subsystem_fwup, "0.6.9", "e54728aafaa170211c647ffc8e8d0f4a92b9ccb82846317cafdc4a31279fe400", [:mix], [{:interactive_cmd, "~> 0.1.2", [hex: :interactive_cmd, repo: "hexpm", optional: false]}], "hexpm", "b715ea3ba0e26a8f4ada58202e30177ae0203bb07495308261afacd59ad15d56"},
  "tablet": {:hex, :tablet, "0.3.3", "cf2975d34da2e26a42e0a09e3ac67e63171a3ad1a8da41be9c23ffda484eb84d", [:mix], [], "hexpm", "2701b7a6f8bca941ef036a982d7789a6aebd9e8802b2e26665391295935f4925"},
  "telemetry": {:hex, :telemetry, "1.4.2", "a0cb522801dffb1c49fe6e30561badffc7b6d0e180db1300df759faa22062855", [:rebar3], [], "hexpm", "928f6495066506077862c0d1646609eed891a4326bee3126ba54b60af61febb1"},
  "tokenizers": {:hex, :tokenizers, "0.5.1", "b0975d92b4ee5b18e8f47b5d65b9d5f1e583d9130189b1a2620401af4e7d4b35", [:mix], [{:castore, "~> 0.1 or ~> 1.0", [hex: :castore, repo: "hexpm", optional: false]}, {:rustler, ">= 0.0.0", [hex: :rustler, repo: "hexpm", optional: true]}, {:rustler_precompiled, "~> 0.6", [hex: :rustler_precompiled, repo: "hexpm", optional: false]}], "hexpm", "5f08d97cc7f2ed3d71d370d68120da6d3de010948ccf676c9c0eb591ba4bacc9"},
  "toolshed": {:hex, :toolshed, "0.5.0", "3dbc915bf30354d71b1e9b9cad0b0ad906360d7cfc1efb86acc1a6c58d9aa375", [:mix], [{:nerves_runtime, "~> 0.8", [hex: :nerves_runtime, repo: "hexpm", optional: true]}], "hexpm", "44a39f384d813d1991c4637eca23f62e9f91135e496c868c400b42ed01eb51d2"},
  "tz": {:hex, :tz, "0.28.4", "f5433914dcf8619d593979ec65bbe878158cad818bc2b53b44d9e4bda509753f", [:mix], [{:castore, "~> 0.1 or ~> 1.0", [hex: :castore, repo: "hexpm", optional: true]}, {:mint, "~> 1.6", [hex: :mint, repo: "hexpm", optional: true]}], "hexpm", "72fe8d526cf30fcc4e07cec4ceb583ba5f2d69c6334c9533419c836a6acd1c56"},
  "uboot_env": {:hex, :uboot_env, "1.0.2", "239809ab786a57f0f3d4eb318e0af30b7847c288cff96fc9306cd5283f967355", [:mix], [], "hexpm", "89c6419b3af35f90f7f027858e977c719c1a8b68e57be73757bc21a2ed0cc03d"},
  "unifex": {:hex, :unifex, "1.2.5", "b557f7f6c2bfd0c451369a9a29323854674bfca9c60c44d4bccc669c4a28477c", [:mix], [{:bunch, "~> 1.0", [hex: :bunch, repo: "hexpm", optional: false]}, {:bundlex, "~> 1.4", [hex: :bundlex, repo: "hexpm", optional: false]}, {:shmex, "~> 0.5.0", [hex: :shmex, repo: "hexpm", optional: false]}], "hexpm", "7c8d473f8e2b43556d792179d9f6d56ff047c252288dc29a554b5a1e1404e528"},
  "video_interop": {:hex, :video_interop, "0.1.2", "80f610e9c44aaf00cd2f9fec9ce3f1306e8feef53e8912834aa1e658cd673243", [:mix], [], "hexpm", "3b17ebfb7847b9dc04c61ce70fb1092c90df09f7b5f25d2434aee8a8ee62dff5"},
  "vintage_net": {:hex, :vintage_net, "0.13.13", "cdb34efa05c26e58678eab8b25d81fa272ad48a5255368268470288403526236", [:make, :mix], [{:beam_notify, "~> 0.2.0 or ~> 1.0", [hex: :beam_notify, repo: "hexpm", optional: false]}, {:elixir_make, "~> 0.6", [hex: :elixir_make, repo: "hexpm", optional: false]}, {:muontrap, "~> 0.5.1 or ~> 0.6.0 or ~> 1.0", [hex: :muontrap, repo: "hexpm", optional: false]}, {:property_table, "~> 0.2.0 or ~> 0.3.0", [hex: :property_table, repo: "hexpm", optional: false]}], "hexpm", "4849d48b9224303c1242b4b5f3d1561b4b28a999862a4540da584340052ffc64"},
  "vintage_net_direct": {:hex, :vintage_net_direct, "0.10.8", "30461d2ed3caf84c888effbbee0b15f7351529e900dcfde668ab3e08837f0373", [:mix], [{:one_dhcpd, "~> 0.2.3 or ~> 1.0 or ~> 2.0 or ~> 3.0", [hex: :one_dhcpd, repo: "hexpm", optional: false]}, {:vintage_net, "~> 0.9.1 or ~> 0.10.0 or ~> 0.11.0 or ~> 0.12.0 or ~> 0.13.0", [hex: :vintage_net, repo: "hexpm", optional: false]}], "hexpm", "07eb4e1144f437fbc93c80480f27e48a9d12f6962bed97471e03cda6c91ba88f"},
  "vintage_net_ethernet": {:hex, :vintage_net_ethernet, "0.11.2", "ef67db5ace9ad5ca5bf229a507247f9eb45b847dc0ff694a6e8a156ed9c5915d", [:mix], [{:vintage_net, "~> 0.12.0 or ~> 0.13.0", [hex: :vintage_net, repo: "hexpm", optional: false]}], "hexpm", "6915f9e15e1aa15e52d1948f318ce5109181d1ad7aaa50016bad5dd8e22df9ea"},
  "vintage_net_qmi": {:git, "https://github.com/mlainez/vintage_net_qmi.git", "2d9cef5da51feeec49f6ffec5103d0734047e89c", [branch: "qrtr-transport"]},
  "vintage_net_wifi": {:hex, :vintage_net_wifi, "0.12.11", "6eb76aa1b340c96eddc9a5e3cad43f86154e0a8bb1b1bf9873acba8391dea966", [:make, :mix], [{:elixir_make, "~> 0.6", [hex: :elixir_make, repo: "hexpm", optional: false]}, {:vintage_net, "~> 0.12.0 or ~> 0.13.0", [hex: :vintage_net, repo: "hexpm", optional: false]}], "hexpm", "ef45626527e7c5258b192c21e3f37f9ba4798cf4eadf320d7e2ca5bccb6e3ebe"},
  "zarex": {:hex, :zarex, "1.0.6", "f657ed1187e6e90472e24c92b1fd5bf3f846e74bd240bd77276c13f336a8d168", [:mix], [], "hexpm", "b628a9b0bc312f278af2c288078c31fd4757224b82d768e91bcf3bedbe3a50e7"},
}
